// !$*UTF8*$!
{
	archiveVersion = 1;
	classes = {
	};
	objectVersion = 50;
	objects = {

/* Begin PBXBuildFile section */
		57C9F13927404035005D4043 /* AppDelegate.swift in Sources */ = {isa = PBXBuildFile; fileRef = 57C9F13827404035005D4043 /* AppDelegate.swift */; };
		57C9F13B27404035005D4043 /* SceneDelegate.swift in Sources */ = {isa = PBXBuildFile; fileRef = 57C9F13A27404035005D4043 /* SceneDelegate.swift */; };
		57C9F13D27404035005D4043 /* ViewController.swift in Sources */ = {isa = PBXBuildFile; fileRef = 57C9F13C27404035005D4043 /* ViewController.swift */; };
		57C9F14027404035005D4043 /* Main.storyboard in Resources */ = {isa = PBXBuildFile; fileRef = 57C9F13E27404035005D4043 /* Main.storyboard */; };
		57C9F14227404036005D4043 /* Assets.xcassets in Resources */ = {isa = PBXBuildFile; fileRef = 57C9F14127404036005D4043 /* Assets.xcassets */; };
		57C9F14527404036005D4043 /* LaunchScreen.storyboard in Resources */ = {isa = PBXBuildFile; fileRef = 57C9F14327404036005D4043 /* LaunchScreen.storyboard */; };
		57C9F15027404036005D4043 /* Random_PhotoTests.swift in Sources */ = {isa = PBXBuildFile; fileRef = 57C9F14F27404036005D4043 /* Random_PhotoTests.swift */; };
		57C9F15B27404036005D4043 /* Random_PhotoUITests.swift in Sources */ = {isa = PBXBuildFile; fileRef = 57C9F15A27404036005D4043 /* Random_PhotoUITests.swift */; };
/* End PBXBuildFile section */

/* Begin PBXContainerItemProxy section */
		57C9F14C27404036005D4043 /* PBXContainerItemProxy */ = {
			isa = PBXContainerItemProxy;
			containerPortal = 57C9F12D27404035005D4043 /* Project object */;
			proxyType = 1;
			remoteGlobalIDString = 57C9F13427404035005D4043;
			remoteInfo = "Random Photo";
		};
		57C9F15727404036005D4043 /* PBXContainerItemProxy */ = {
			isa = PBXContainerItemProxy;
			containerPortal = 57C9F12D27404035005D4043 /* Project object */;
			proxyType = 1;
			remoteGlobalIDString = 57C9F13427404035005D4043;
			remoteInfo = "Random Photo";
		};
/* End PBXContainerItemProxy section */

/* Begin PBXFileReference section */
		57C9F13527404035005D4043 /* Random Photo.app */ = {isa = PBXFileReference; explicitFileType = wrapper.application; includeInIndex = 0; path = "Random Photo.app"; sourceTree = BUILT_PRODUCTS_DIR; };
		57C9F13827404035005D4043 /* AppDelegate.swift */ = {isa = PBXFileReference; lastKnownFileType = sourcecode.swift; path = AppDelegate.swift; sourceTree = "<group>"; };
		57C9F13A27404035005D4043 /* SceneDelegate.swift */ = {isa = PBXFileReference; lastKnownFileType = sourcecode.swift; path = SceneDelegate.swift; sourceTree = "<group>"; };
		57C9F13C27404035005D4043 /* ViewController.swift */ = {isa = PBXFileReference; lastKnownFileType = sourcecode.swift; path = ViewController.swift; sourceTree = "<group>"; };
		57C9F13F27404035005D4043 /* Base */ = {isa = PBXFileReference; lastKnownFileType = file.storyboard; name = Base; path = Base.lproj/Main.storyboard; sourceTree = "<group>"; };
		57C9F14127404036005D4043 /* Assets.xcassets */ = {isa = PBXFileReference; lastKnownFileType = folder.assetcatalog; path = Assets.xcassets; sourceTree = "<group>"; };
		57C9F14427404036005D4043 /* Base */ = {isa = PBXFileReference; lastKnownFileType = file.storyboard; name = Base; path = Base.lproj/LaunchScreen.storyboard; sourceTree = "<group>"; };
		57C9F14627404036005D4043 /* Info.plist */ = {isa = PBXFileReference; lastKnownFileType = text.plist.xml; path = Info.plist; sourceTree = "<group>"; };
		57C9F14B27404036005D4043 /* Random PhotoTests.xctest */ = {isa = PBXFileReference; explicitFileType = wrapper.cfbundle; includeInIndex = 0; path = "Random PhotoTests.xctest"; sourceTree = BUILT_PRODUCTS_DIR; };
		57C9F14F27404036005D4043 /* Random_PhotoTests.swift */ = {isa = PBXFileReference; lastKnownFileType = sourcecode.swift; path = Random_PhotoTests.swift; sourceTree = "<group>"; };
		57C9F15127404036005D4043 /* Info.plist */ = {isa = PBXFileReference; lastKnownFileType = text.plist.xml; path = Info.plist; sourceTree = "<group>"; };
		57C9F15627404036005D4043 /* Random PhotoUITests.xctest */ = {isa = PBXFileReference; explicitFileType = wrapper.cfbundle; includeInIndex = 0; path = "Random PhotoUITests.xctest"; sourceTree = BUILT_PRODUCTS_DIR; };
		57C9F15A27404036005D4043 /* Random_PhotoUITests.swift */ = {isa = PBXFileReference; lastKnownFileType = sourcecode.swift; path = Random_PhotoUITests.swift; sourceTree = "<group>"; };
		57C9F15C27404036005D4043 /* Info.plist */ = {isa = PBXFileReference; lastKnownFileType = text.plist.xml; path = Info.plist; sourceTree = "<group>"; };
/* End PBXFileReference section */

/* Begin PBXFrameworksBuildPhase section */
		57C9F13227404035005D4043 /* Frameworks */ = {
			isa = PBXFrameworksBuildPhase;
			buildActionMask = 2147483647;
			files = (
			);
			runOnlyForDeploymentPostprocessing = 0;
		};
		57C9F14827404036005D4043 /* Frameworks */ = {
			isa = PBXFrameworksBuildPhase;
			buildActionMask = 2147483647;
			files = (
			);
			runOnlyForDeploymentPostprocessing = 0;
		};
		57C9F15327404036005D4043 /* Frameworks */ = {
			isa = PBXFrameworksBuildPhase;
			buildActionMask = 2147483647;
			files = (
			);
			runOnlyForDeploymentPostprocessing = 0;
		};
/* End PBXFrameworksBuildPhase section */

/* Begin PBXGroup section */
		57C9F12C27404035005D4043 = {
			isa = PBXGroup;
			children = (
				57C9F13727404035005D4043 /* Random Photo */,
				57C9F14E27404036005D4043 /* Random PhotoTests */,
				57C9F15927404036005D4043 /* Random PhotoUITests */,
				57C9F13627404035005D4043 /* Products */,
			);
			sourceTree = "<group>";
		};
		57C9F13627404035005D4043 /* Products */ = {
			isa = PBXGroup;
			children = (
				57C9F13527404035005D4043 /* Random Photo.app */,
				57C9F14B27404036005D4043 /* Random PhotoTests.xctest */,
				57C9F15627404036005D4043 /* Random PhotoUITests.xctest */,
			);
			name = Products;
			sourceTree = "<group>";
		};
		57C9F13727404035005D4043 /* Random Photo */ = {
			isa = PBXGroup;
			children = (
				57C9F13827404035005D4043 /* AppDelegate.swift */,
				57C9F13A27404035005D4043 /* SceneDelegate.swift */,
				57C9F13C27404035005D4043 /* ViewController.swift */,
				57C9F13E27404035005D4043 /* Main.storyboard */,
				57C9F14127404036005D4043 /* Assets.xcassets */,
				57C9F14327404036005D4043 /* LaunchScreen.storyboard */,
				57C9F14627404036005D4043 /* Info.plist */,
			);
			path = "Random Photo";
			sourceTree = "<group>";
		};
		57C9F14E27404036005D4043 /* Random PhotoTests */ = {
			isa = PBXGroup;
			children = (
				57C9F14F27404036005D4043 /* Random_PhotoTests.swift */,
				57C9F15127404036005D4043 /* Info.plist */,
			);
			path = "Random PhotoTests";
			sourceTree = "<group>";
		};
		57C9F15927404036005D4043 /* Random PhotoUITests */ = {
			isa = PBXGroup;
			children = (
				57C9F15A27404036005D4043 /* Random_PhotoUITests.swift */,
				57C9F15C27404036005D4043 /* Info.plist */,
			);
			path = "Random PhotoUITests";
			sourceTree = "<group>";
		};
/* End PBXGroup section */

/* Begin PBXNativeTarget section */
		57C9F13427404035005D4043 /* Random Photo */ = {
			isa = PBXNativeTarget;
			buildConfigurationList = 57C9F15F27404037005D4043 /* Build configuration list for PBXNativeTarget "Random Photo" */;
			buildPhases = (
				57C9F13127404035005D4043 /* Sources */,
				57C9F13227404035005D4043 /* Frameworks */,
				57C9F13327404035005D4043 /* Resources */,
			);
			buildRules = (
			);
			dependencies = (
			);
			name = "Random Photo";
			productName = "Random Photo";
			productReference = 57C9F13527404035005D4043 /* Random Photo.app */;
			productType = "com.apple.product-type.application";
		};
		57C9F14A27404036005D4043 /* Random PhotoTests */ = {
			isa = PBXNativeTarget;
			buildConfigurationList = 57C9F16227404037005D4043 /* Build configuration list for PBXNativeTarget "Random PhotoTests" */;
			buildPhases = (
				57C9F14727404036005D4043 /* Sources */,
				57C9F14827404036005D4043 /* Frameworks */,
				57C9F14927404036005D4043 /* Resources */,
			);
			buildRules = (
			);
			dependencies = (
				57C9F14D27404036005D4043 /* PBXTargetDependency */,
			);
			name = "Random PhotoTests";
			productName = "Random PhotoTests";
			productReference = 57C9F14B27404036005D4043 /* Random PhotoTests.xctest */;
			productType = "com.apple.product-type.bundle.unit-test";
		};
		57C9F15527404036005D4043 /* Random PhotoUITests */ = {
			isa = PBXNativeTarget;
			buildConfigurationList = 57C9F16527404037005D4043 /* Build configuration list for PBXNativeTarget "Random PhotoUITests" */;
			buildPhases = (
				57C9F15227404036005D4043 /* Sources */,
				57C9F15327404036005D4043 /* Frameworks */,
				57C9F15427404036005D4043 /* Resources */,
			);
			buildRules = (
			);
			dependencies = (
				57C9F15827404036005D4043 /* PBXTargetDependency */,
			);
			name = "Random PhotoUITests";
			productName = "Random PhotoUITests";
			productReference = 57C9F15627404036005D4043 /* Random PhotoUITests.xctest */;
			productType = "com.apple.product-type.bundle.ui-testing";
		};
/* End PBXNativeTarget section */

/* Begin PBXProject section */
		57C9F12D27404035005D4043 /* Project object */ = {
			isa = PBXProject;
			attributes = {
				LastSwiftUpdateCheck = 1230;
				LastUpgradeCheck = 1230;
				TargetAttributes = {
					57C9F13427404035005D4043 = {
						CreatedOnToolsVersion = 12.3;
					};
					57C9F14A27404036005D4043 = {
						CreatedOnToolsVersion = 12.3;
						TestTargetID = 57C9F13427404035005D4043;
					};
					57C9F15527404036005D4043 = {
						CreatedOnToolsVersion = 12.3;
						TestTargetID = 57C9F13427404035005D4043;
					};
				};
			};
			buildConfigurationList = 57C9F13027404035005D4043 /* Build configuration list for PBXProject "Random Photo" */;
			compatibilityVersion = "Xcode 9.3";
			developmentRegion = en;
			hasScannedForEncodings = 0;
			knownRegions = (
				en,
				Base,
			);
			mainGroup = 57C9F12C27404035005D4043;
			productRefGroup = 57C9F13627404035005D4043 /* Products */;
			projectDirPath = "";
			projectRoot = "";
			targets = (
				57C9F13427404035005D4043 /* Random Photo */,
				57C9F14A27404036005D4043 /* Random PhotoTests */,
				57C9F15527404036005D4043 /* Random PhotoUITests */,
			);
		};
/* End PBXProject section */

/* Begin PBXResourcesBuildPhase section */
		57C9F13327404035005D4043 /* Resources */ = {
			isa = PBXResourcesBuildPhase;
			buildActionMask = 2147483647;
			files = (
				57C9F14527404036005D4043 /* LaunchScreen.storyboard in Resources */,
				57C9F14227404036005D4043 /* Assets.xcassets in Resources */,
				57C9F14027404035005D4043 /* Main.storyboard in Resources */,
			);
			runOnlyForDeploymentPostprocessing = 0;
		};
		57C9F14927404036005D4043 /* Resources */ = {
			isa = PBXResourcesBuildPhase;
			buildActionMask = 2147483647;
			files = (
			);
			runOnlyForDeploymentPostprocessing = 0;
		};
		57C9F15427404036005D4043 /* Resources */ = {
			isa = PBXResourcesBuildPhase;
			buildActionMask = 2147483647;
			files = (
			);
			runOnlyForDeploymentPostprocessing = 0;
		};
/* End PBXResourcesBuildPhase section */

/* Begin PBXSourcesBuildPhase section */
		57C9F13127404035005D4043 /* Sources */ = {
			isa = PBXSourcesBuildPhase;
			buildActionMask = 2147483647;
			files = (
				57C9F13D27404035005D4043 /* ViewController.swift in Sources */,
				57C9F13927404035005D4043 /* AppDelegate.swift in Sources */,
				57C9F13B27404035005D4043 /* SceneDelegate.swift in Sources */,
			);
			runOnlyForDeploymentPostprocessing = 0;
		};
		57C9F14727404036005D4043 /* Sources */ = {
			isa = PBXSourcesBuildPhase;
			buildActionMask = 2147483647;
			files = (
				57C9F15027404036005D4043 /* Random_PhotoTests.swift in Sources */,
			);
			runOnlyForDeploymentPostprocessing = 0;
		};
		57C9F15227404036005D4043 /* Sources */ = {
			isa = PBXSourcesBuildPhase;
			buildActionMask = 2147483647;
			files = (
				57C9F15B27404036005D4043 /* Random_PhotoUITests.swift in Sources */,
			);
			runOnlyForDeploymentPostprocessing = 0;
		};
/* End PBXSourcesBuildPhase section */

/* Begin PBXTargetDependency section */
		57C9F14D27404036005D4043 /* PBXTargetDependency */ = {
			isa = PBXTargetDependency;
			target = 57C9F13427404035005D4043 /* Random Photo */;
			targetProxy = 57C9F14C27404036005D4043 /* PBXContainerItemProxy */;
		};
		57C9F15827404036005D4043 /* PBXTargetDependency */ = {
			isa = PBXTargetDependency;
			target = 57C9F13427404035005D4043 /* Random Photo */;
			targetProxy = 57C9F15727404036005D4043 /* PBXContainerItemProxy */;
		};
/* End PBXTargetDependency section */

/* Begin PBXVariantGroup section */
		57C9F13E27404035005D4043 /* Main.storyboard */ = {
			isa = PBXVariantGroup;
			children = (
				57C9F13F27404035005D4043 /* Base */,
			);
			name = Main.storyboard;
			sourceTree = "<group>";
		};
		57C9F14327404036005D4043 /* LaunchScreen.storyboard */ = {
			isa = PBXVariantGroup;
			children = (
				57C9F14427404036005D4043 /* Base */,
			);
			name = LaunchScreen.storyboard;
			sourceTree = "<group>";
		};
/* End PBXVariantGroup section */

/* Begin XCBuildConfiguration section */
		57C9F15D27404037005D4043 /* Debug */ = {
			isa = XCBuildConfiguration;
			buildSettings = {
				ALWAYS_SEARCH_USER_PATHS = NO;
				CLANG_ANALYZER_NONNULL = YES;
				CLANG_ANALYZER_NUMBER_OBJECT_CONVERSION = YES_AGGRESSIVE;
				CLANG_CXX_LANGUAGE_STANDARD = "gnu++14";
				CLANG_CXX_LIBRARY = "libc++";
				CLANG_ENABLE_MODULES = YES;
				CLANG_ENABLE_OBJC_ARC = YES;
				CLANG_ENABLE_OBJC_WEAK = YES;
				CLANG_WARN_BLOCK_CAPTURE_AUTORELEASING = YES;
				CLANG_WARN_BOOL_CONVERSION = YES;
				CLANG_WARN_COMMA = YES;
				CLANG_WARN_CONSTANT_CONVERSION = YES;
				CLANG_WARN_DEPRECATED_OBJC_IMPLEMENTATIONS = YES;
				CLANG_WARN_DIRECT_OBJC_ISA_USAGE = YES_ERROR;
				CLANG_WARN_DOCUMENTATION_COMMENTS = YES;
				CLANG_WARN_EMPTY_BODY = YES;
				CLANG_WARN_ENUM_CONVERSION = YES;
				CLANG_WARN_INFINITE_RECURSION = YES;
				CLANG_WARN_INT_CONVERSION = YES;
				CLANG_WARN_NON_LITERAL_NULL_CONVERSION = YES;
				CLANG_WARN_OBJC_IMPLICIT_RETAIN_SELF = YES;
				CLANG_WARN_OBJC_LITERAL_CONVERSION = YES;
				CLANG_WARN_OBJC_ROOT_CLASS = YES_ERROR;
				CLANG_WARN_QUOTED_INCLUDE_IN_FRAMEWORK_HEADER = YES;
				CLANG_WARN_RANGE_LOOP_ANALYSIS = YES;
				CLANG_WARN_STRICT_PROTOTYPES = YES;
				CLANG_WARN_SUSPICIOUS_MOVE = YES;
				CLANG_WARN_UNGUARDED_AVAILABILITY = YES_AGGRESSIVE;
				CLANG_WARN_UNREACHABLE_CODE = YES;
				CLANG_WARN__DUPLICATE_METHOD_MATCH = YES;
				COPY_PHASE_STRIP = NO;
				DEBUG_INFORMATION_FORMAT = dwarf;
				ENABLE_STRICT_OBJC_MSGSEND = YES;
				ENABLE_TESTABILITY = YES;
				GCC_C_LANGUAGE_STANDARD = gnu11;
				GCC_DYNAMIC_NO_PIC = NO;
				GCC_NO_COMMON_BLOCKS = YES;
				GCC_OPTIMIZATION_LEVEL = 0;
				GCC_PREPROCESSOR_DEFINITIONS = (
					"DEBUG=1",
					"$(inherited)",
				);
				GCC_WARN_64_TO_32_BIT_CONVERSION = YES;
				GCC_WARN_ABOUT_RETURN_TYPE = YES_ERROR;
				GCC_WARN_UNDECLARED_SELECTOR = YES;
				GCC_WARN_UNINITIALIZED_AUTOS = YES_AGGRESSIVE;
				GCC_WARN_UNUSED_FUNCTION = YES;
				GCC_WARN_UNUSED_VARIABLE = YES;
				IPHONEOS_DEPLOYMENT_TARGET = 14.3;
				MTL_ENABLE_DEBUG_INFO = INCLUDE_SOURCE;
				MTL_FAST_MATH = YES;
				ONLY_ACTIVE_ARCH = YES;
				SDKROOT = iphoneos;
				SWIFT_ACTIVE_COMPILATION_CONDITIONS = DEBUG;
				SWIFT_OPTIMIZATION_LEVEL = "-Onone";
			};
			name = Debug;
		};
		57C9F15E27404037005D4043 /* Release */ = {
			isa = XCBuildConfiguration;
			buildSettings = {
				ALWAYS_SEARCH_USER_PATHS = NO;
				CLANG_ANALYZER_NONNULL = YES;
				CLANG_ANALYZER_NUMBER_OBJECT_CONVERSION = YES_AGGRESSIVE;
				CLANG_CXX_LANGUAGE_STANDARD = "gnu++14";
				CLANG_CXX_LIBRARY = "libc++";
				CLANG_ENABLE_MODULES = YES;
				CLANG_ENABLE_OBJC_ARC = YES;
				CLANG_ENABLE_OBJC_WEAK = YES;
				CLANG_WARN_BLOCK_CAPTURE_AUTORELEASING = YES;
				CLANG_WARN_BOOL_CONVERSION = YES;
				CLANG_WARN_COMMA = YES;
				CLANG_WARN_CONSTANT_CONVERSION = YES;
				CLANG_WARN_DEPRECATED_OBJC_IMPLEMENTATIONS = YES;
				CLANG_WARN_DIRECT_OBJC_ISA_USAGE = YES_ERROR;
				CLANG_WARN_DOCUMENTATION_COMMENTS = YES;
				CLANG_WARN_EMPTY_BODY = YES;
				CLANG_WARN_ENUM_CONVERSION = YES;
				CLANG_WARN_INFINITE_RECURSION = YES;
				CLANG_WARN_INT_CONVERSION = YES;
				CLANG_WARN_NON_LITERAL_NULL_CONVERSION = YES;
				CLANG_WARN_OBJC_IMPLICIT_RETAIN_SELF = YES;
				CLANG_WARN_OBJC_LITERAL_CONVERSION = YES;
				CLANG_WARN_OBJC_ROOT_CLASS = YES_ERROR;
				CLANG_WARN_QUOTED_INCLUDE_IN_FRAMEWORK_HEADER = YES;
				CLANG_WARN_RANGE_LOOP_ANALYSIS = YES;
				CLANG_WARN_STRICT_PROTOTYPES = YES;
				CLANG_WARN_SUSPICIOUS_MOVE = YES;
				CLANG_WARN_UNGUARDED_AVAILABILITY = YES_AGGRESSIVE;
				CLANG_WARN_UNREACHABLE_CODE = YES;
				CLANG_WARN__DUPLICATE_METHOD_MATCH = YES;
				COPY_PHASE_STRIP = NO;
				DEBUG_INFORMATION_FORMAT = "dwarf-with-dsym";
				ENABLE_NS_ASSERTIONS = NO;
				ENABLE_STRICT_OBJC_MSGSEND = YES;
				GCC_C_LANGUAGE_STANDARD = gnu11;
				GCC_NO_COMMON_BLOCKS = YES;
				GCC_WARN_64_TO_32_BIT_CONVERSION = YES;
				GCC_WARN_ABOUT_RETURN_TYPE = YES_ERROR;
				GCC_WARN_UNDECLARED_SELECTOR = YES;
				GCC_WARN_UNINITIALIZED_AUTOS = YES_AGGRESSIVE;
				GCC_WARN_UNUSED_FUNCTION = YES;
				GCC_WARN_UNUSED_VARIABLE = YES;
				IPHONEOS_DEPLOYMENT_TARGET = 14.3;
				MTL_ENABLE_DEBUG_INFO = NO;
				MTL_FAST_MATH = YES;
				SDKROOT = iphoneos;
				SWIFT_COMPILATION_MODE = wholemodule;
				SWIFT_OPTIMIZATION_LEVEL = "-O";
				VALIDATE_PRODUCT = YES;
			};
			name = Release;
		};
		57C9F16027404037005D4043 /* Debug */ = {
			isa = XCBuildConfiguration;
			buildSettings = {
				ASSETCATALOG_COMPILER_APPICON_NAME = AppIcon;
				ASSETCATALOG_COMPILER_GLOBAL_ACCENT_COLOR_NAME = AccentColor;
				CODE_SIGN_STYLE = Automatic;
				INFOPLIST_FILE = "Random Photo/Info.plist";
				LD_RUNPATH_SEARCH_PATHS = (
					"$(inherited)",
					"@executable_path/Frameworks",
				);
				PRODUCT_BUNDLE_IDENTIFIER = "elijah-lozano.Random-Photo";
				PRODUCT_NAME = "$(TARGET_NAME)";
				SWIFT_VERSION = 5.0;
				TARGETED_DEVICE_FAMILY = "1,2";
			};
			name = Debug;
		};
		57C9F16127404037005D4043 /* Release */ = {
			isa = XCBuildConfiguration;
			buildSettings = {
				ASSETCATALOG_COMPILER_APPICON_NAME = AppIcon;
				ASSETCATALOG_COMPILER_GLOBAL_ACCENT_COLOR_NAME = AccentColor;
				CODE_SIGN_STYLE = Automatic;
				INFOPLIST_FILE = "Random Photo/Info.plist";
				LD_RUNPATH_SEARCH_PATHS = (
					"$(inherited)",
					"@executable_path/Frameworks",
				);
				PRODUCT_BUNDLE_IDENTIFIER = "elijah-lozano.Random-Photo";
				PRODUCT_NAME = "$(TARGET_NAME)";
				SWIFT_VERSION = 5.0;
				TARGETED_DEVICE_FAMILY = "1,2";
			};
			name = Release;
		};
		57C9F16327404037005D4043 /* Debug */ = {
			isa = XCBuildConfiguration;
			buildSettings = {
				ALWAYS_EMBED_SWIFT_STANDARD_LIBRARIES = YES;
				BUNDLE_LOADER = "$(TEST_HOST)";
				CODE_SIGN_STYLE = Automatic;
				INFOPLIST_FILE = "Random PhotoTests/Info.plist";
				IPHONEOS_DEPLOYMENT_TARGET = 14.3;
				LD_RUNPATH_SEARCH_PATHS = (
					"$(inherited)",
					"@executable_path/Frameworks",
					"@loader_path/Frameworks",
				);
				PRODUCT_BUNDLE_IDENTIFIER = "elijah-lozano.Random-PhotoTests";
				PRODUCT_NAME = "$(TARGET_NAME)";
				SWIFT_VERSION = 5.0;
				TARGETED_DEVICE_FAMILY = "1,2";
				TEST_HOST = "$(BUILT_PRODUCTS_DIR)/Random Photo.app/Random Photo";
			};
			name = Debug;
		};
		57C9F16427404037005D4043 /* Release */ = {
			isa = XCBuildConfiguration;
			buildSettings = {
				ALWAYS_EMBED_SWIFT_STANDARD_LIBRARIES = YES;
				BUNDLE_LOADER = "$(TEST_HOST)";
				CODE_SIGN_STYLE = Automatic;
				INFOPLIST_FILE = "Random PhotoTests/Info.plist";
				IPHONEOS_DEPLOYMENT_TARGET = 14.3;
				LD_RUNPATH_SEARCH_PATHS = (
					"$(inherited)",
					"@executable_path/Frameworks",
					"@loader_path/Frameworks",
				);
				PRODUCT_BUNDLE_IDENTIFIER = "elijah-lozano.Random-PhotoTests";
				PRODUCT_NAME = "$(TARGET_NAME)";
				SWIFT_VERSION = 5.0;
				TARGETED_DEVICE_FAMILY = "1,2";
				TEST_HOST = "$(BUILT_PRODUCTS_DIR)/Random Photo.app/Random Photo";
			};
			name = Release;
		};
		57C9F16627404037005D4043 /* Debug */ = {
			isa = XCBuildConfiguration;
			buildSettings = {
				ALWAYS_EMBED_SWIFT_STANDARD_LIBRARIES = YES;
				CODE_SIGN_STYLE = Automatic;
				INFOPLIST_FILE = "Random PhotoUITests/Info.plist";
				LD_RUNPATH_SEARCH_PATHS = (
					"$(inherited)",
					"@executable_path/Frameworks",
					"@loader_path/Frameworks",
				);
				PRODUCT_BUNDLE_IDENTIFIER = "elijah-lozano.Random-PhotoUITests";
				PRODUCT_NAME = "$(TARGET_NAME)";
				SWIFT_VERSION = 5.0;
				TARGETED_DEVICE_FAMILY = "1,2";
				TEST_TARGET_NAME = "Random Photo";
			};
			name = Debug;
		};
		57C9F16727404037005D4043 /* Release */ = {
			isa = XCBuildConfiguration;
			buildSettings = {
				ALWAYS_EMBED_SWIFT_STANDARD_LIBRARIES = YES;
				CODE_SIGN_STYLE = Automatic;
				INFOPLIST_FILE = "Random PhotoUITests/Info.plist";
				LD_RUNPATH_SEARCH_PATHS = (
					"$(inherited)",
					"@executable_path/Frameworks",
					"@loader_path/Frameworks",
				);
				PRODUCT_BUNDLE_IDENTIFIER = "elijah-lozano.Random-PhotoUITests";
				PRODUCT_NAME = "$(TARGET_NAME)";
				SWIFT_VERSION = 5.0;
				TARGETED_DEVICE_FAMILY = "1,2";
				TEST_TARGET_NAME = "Random Photo";
			};
			name = Release;
		};
/* End XCBuildConfiguration section */

/* Begin XCConfigurationList section */
		57C9F13027404035005D4043 /* Build configuration list for PBXProject "Random Photo" */ = {
			isa = XCConfigurationList;
			buildConfigurations = (
				57C9F15D27404037005D4043 /* Debug */,
				57C9F15E27404037005D4043 /* Release */,
			);
			defaultConfigurationIsVisible = 0;
			defaultConfigurationName = Release;
		};
		57C9F15F27404037005D4043 /* Build configuration list for PBXNativeTarget "Random Photo" */ = {
			isa = XCConfigurationList;
			buildConfigurations = (
				57C9F16027404037005D4043 /* Debug */,
				57C9F16127404037005D4043 /* Release */,
			);
			defaultConfigurationIsVisible = 0;
			defaultConfigurationName = Release;
		};
		57C9F16227404037005D4043 /* Build configuration list for PBXNativeTarget "Random PhotoTests" */ = {
			isa = XCConfigurationList;
			buildConfigurations = (
				57C9F16327404037005D4043 /* Debug */,
				57C9F16427404037005D4043 /* Release */,
			);
			defaultConfigurationIsVisible = 0;
			defaultConfigurationName = Release;
		};
		57C9F16527404037005D4043 /* Build configuration list for PBXNativeTarget "Random PhotoUITests" */ = {
			isa = XCConfigurationList;
			buildConfigurations = (
				57C9F16627404037005D4043 /* Debug */,
				57C9F16727404037005D4043 /* Release */,
			);
			defaultConfigurationIsVisible = 0;
			defaultConfigurationName = Release;
		};
/* End XCConfigurationList section */
	};
	rootObject = 57C9F12D27404035005D4043 /* Project object */;
}
